
Microsoft Visual Studio Solution File, Format Version 12.00
# Visual Studio Version 17
VisualStudioVersion = 17.11.35327.3
MinimumVisualStudioVersion = 10.0.40219.1
Project("{9A19103F-16F7-4668-BE54-9A1E7A4F7556}") = "SchoolWebAPIApp", "SchoolWebAPIApp.csproj", "{6AA3B4F2-D388-4DC0-AEC0-1DB776C77B4E}"
EndProject
Project("{9A19103F-16F7-4668-BE54-9A1E7A4F7556}") = "SchoolAPiDataAccessLayer", "..\SchoolAPiDataAccessLayer\SchoolAPiDataAccessLayer.csproj", "{6D8755C1-ABFA-41A2-80C2-90B5EF0252F8}"
EndProject
Project("{9A19103F-16F7-4668-BE54-9A1E7A4F7556}") = "SchoolBusinessLayer", "..\SchoolBusinessLayer\SchoolBusinessLayer.csproj", "{E9CF4619-D44E-40CF-82B1-88C6294A2709}"
EndProject
Global
	GlobalSection(SolutionConfigurationPlatforms) = preSolution
		Debug|Any CPU = Debug|Any CPU
		Release|Any CPU = Release|Any CPU
	EndGlobalSection
	GlobalSection(ProjectConfigurationPlatforms) = postSolution
		{6AA3B4F2-D388-4DC0-AEC0-1DB776C77B4E}.Debug|Any CPU.ActiveCfg = Debug|Any CPU
		{6AA3B4F2-D388-4DC0-AEC0-1DB776C77B4E}.Debug|Any CPU.Build.0 = Debug|Any CPU
		{6AA3B4F2-D388-4DC0-AEC0-1DB776C77B4E}.Release|Any CPU.ActiveCfg = Release|Any CPU
		{6AA3B4F2-D388-4DC0-AEC0-1DB776C77B4E}.Release|Any CPU.Build.0 = Release|Any CPU
		{6D8755C1-ABFA-41A2-80C2-90B5EF0252F8}.Debug|Any CPU.ActiveCfg = Debug|Any CPU
		{6D8755C1-ABFA-41A2-80C2-90B5EF0252F8}.Debug|Any CPU.Build.0 = Debug|Any CPU
		{6D8755C1-ABFA-41A2-80C2-90B5EF0252F8}.Release|Any CPU.ActiveCfg = Release|Any CPU
		{6D8755C1-ABFA-41A2-80C2-90B5EF0252F8}.Release|Any CPU.Build.0 = Release|Any CPU
		{E9CF4619-D44E-40CF-82B1-88C6294A2709}.Debug|Any CPU.ActiveCfg = Debug|Any CPU
		{E9CF4619-D44E-40CF-82B1-88C6294A2709}.Debug|Any CPU.Build.0 = Debug|Any CPU
		{E9CF4619-D44E-40CF-82B1-88C6294A2709}.Release|Any CPU.ActiveCfg = Release|Any CPU
		{E9CF4619-D44E-40CF-82B1-88C6294A2709}.Release|Any CPU.Build.0 = Release|Any CPU
	EndGlobalSection
	GlobalSection(SolutionProperties) = preSolution
		HideSolutionNode = FALSE
	EndGlobalSection
	GlobalSection(ExtensibilityGlobals) = postSolution
		SolutionGuid = {EC6F5A56-6CDF-4EB9-8B27-255BCD00F33C}
	EndGlobalSection
EndGlobal
