
Microsoft Visual Studio Solution File, Format Version 12.00
# Visual Studio Version 17
VisualStudioVersion = 17.11.35327.3
MinimumVisualStudioVersion = 10.0.40219.1
Project("{FAE04EC0-301F-11D3-BF4B-00C04F79EFBC}") = "SchoolWebAPIApp", "SchoolWebAPIApp.csproj", "{6AA3B4F2-D388-4DC0-AEC0-1DB776C77B4E}"
EndProject
Project("{9A19103F-16F7-4668-BE54-9A1E7A4F7556}") = "SchoolAPiDataAccessLayer", "..\SchoolAPiDataAccessLayer\SchoolAPiDataAccessLayer.csproj", "{59336307-3F73-409E-9952-6556F759C761}"
EndProject
Project("{9A19103F-16F7-4668-BE54-9A1E7A4F7556}") = "SchoolBusinessLayer", "..\SchoolBusinessLayer\SchoolBusinessLayer.csproj", "{38E63A03-21E3-4DB7-B5BD-6F20D4A6F520}"
EndProject
Global
	GlobalSection(SolutionConfigurationPlatforms) = preSolution
		Debug|Any CPU = Debug|Any CPU
		Release|Any CPU = Release|Any CPU
	EndGlobalSection
	GlobalSection(ProjectConfigurationPlatforms) = postSolution
		{6AA3B4F2-D388-4DC0-AEC0-1DB776C77B4E}.Debug|Any CPU.ActiveCfg = Debug|Any CPU
		{6AA3B4F2-D388-4DC0-AEC0-1DB776C77B4E}.Debug|Any CPU.Build.0 = Debug|Any CPU
		{6AA3B4F2-D388-4DC0-AEC0-1DB776C77B4E}.Release|Any CPU.ActiveCfg = Release|Any CPU
		{6AA3B4F2-D388-4DC0-AEC0-1DB776C77B4E}.Release|Any CPU.Build.0 = Release|Any CPU
		{59336307-3F73-409E-9952-6556F759C761}.Debug|Any CPU.ActiveCfg = Debug|Any CPU
		{59336307-3F73-409E-9952-6556F759C761}.Debug|Any CPU.Build.0 = Debug|Any CPU
		{59336307-3F73-409E-9952-6556F759C761}.Release|Any CPU.ActiveCfg = Release|Any CPU
		{59336307-3F73-409E-9952-6556F759C761}.Release|Any CPU.Build.0 = Release|Any CPU
		{38E63A03-21E3-4DB7-B5BD-6F20D4A6F520}.Debug|Any CPU.ActiveCfg = Debug|Any CPU
		{38E63A03-21E3-4DB7-B5BD-6F20D4A6F520}.Debug|Any CPU.Build.0 = Debug|Any CPU
		{38E63A03-21E3-4DB7-B5BD-6F20D4A6F520}.Release|Any CPU.ActiveCfg = Release|Any CPU
		{38E63A03-21E3-4DB7-B5BD-6F20D4A6F520}.Release|Any CPU.Build.0 = Release|Any CPU
	EndGlobalSection
	GlobalSection(SolutionProperties) = preSolution
		HideSolutionNode = FALSE
	EndGlobalSection
	GlobalSection(ExtensibilityGlobals) = postSolution
		SolutionGuid = {EC6F5A56-6CDF-4EB9-8B27-255BCD00F33C}
	EndGlobalSection
EndGlobal
